
Microsoft Visual Studio Solution File, Format Version 12.00
# Visual Studio Version 17
VisualStudioVersion = 17.7.34031.279
MinimumVisualStudioVersion = 10.0.40219.1
Project("{FAE04EC0-301F-11D3-BF4B-00C04F79EFBC}") = "MarketYönetimSistemi", "MarketYönetimSistemi\MarketYönetimSistemi.csproj", "{CDDC5476-8306-4BC2-AF1B-C9D102EF74A9}"
EndProject
Global
	GlobalSection(SolutionConfigurationPlatforms) = preSolution
		Debug|Any CPU = Debug|Any CPU
		Release|Any CPU = Release|Any CPU
	EndGlobalSection
	GlobalSection(ProjectConfigurationPlatforms) = postSolution
		{CDDC5476-8306-4BC2-AF1B-C9D102EF74A9}.Debug|Any CPU.ActiveCfg = Debug|Any CPU
		{CDDC5476-8306-4BC2-AF1B-C9D102EF74A9}.Debug|Any CPU.Build.0 = Debug|Any CPU
		{CDDC5476-8306-4BC2-AF1B-C9D102EF74A9}.Release|Any CPU.ActiveCfg = Release|Any CPU
		{CDDC5476-8306-4BC2-AF1B-C9D102EF74A9}.Release|Any CPU.Build.0 = Release|Any CPU
	EndGlobalSection
	GlobalSection(SolutionProperties) = preSolution
		HideSolutionNode = FALSE
	EndGlobalSection
	GlobalSection(ExtensibilityGlobals) = postSolution
		SolutionGuid = {CC41BD60-C0D7-4CBE-9497-1F8BA7D9DAC7}
	EndGlobalSection
EndGlobal
